
Microsoft Visual Studio Solution File, Format Version 12.00
# Visual Studio Version 17
VisualStudioVersion = 17.10.35013.160
MinimumVisualStudioVersion = 10.0.40219.1
Project("{FAE04EC0-301F-11D3-BF4B-00C04F79EFBC}") = "LibrosAPI", "LibrosAPI.csproj", "{44493A57-89A3-47D3-999B-CEAC7B515D18}"
EndProject
Project("{FAE04EC0-301F-11D3-BF4B-00C04F79EFBC}") = "LibrosAPI.Test", "..\LibrosAPI.Test\LibrosAPI.Test.csproj", "{8ECAA9BF-1362-4827-A088-A69385DC80A1}"
EndProject
Global
	GlobalSection(SolutionConfigurationPlatforms) = preSolution
		Debug|Any CPU = Debug|Any CPU
		Release|Any CPU = Release|Any CPU
	EndGlobalSection
	GlobalSection(ProjectConfigurationPlatforms) = postSolution
		{44493A57-89A3-47D3-999B-CEAC7B515D18}.Debug|Any CPU.ActiveCfg = Debug|Any CPU
		{44493A57-89A3-47D3-999B-CEAC7B515D18}.Debug|Any CPU.Build.0 = Debug|Any CPU
		{44493A57-89A3-47D3-999B-CEAC7B515D18}.Release|Any CPU.ActiveCfg = Release|Any CPU
		{44493A57-89A3-47D3-999B-CEAC7B515D18}.Release|Any CPU.Build.0 = Release|Any CPU
		{8ECAA9BF-1362-4827-A088-A69385DC80A1}.Debug|Any CPU.ActiveCfg = Debug|Any CPU
		{8ECAA9BF-1362-4827-A088-A69385DC80A1}.Debug|Any CPU.Build.0 = Debug|Any CPU
		{8ECAA9BF-1362-4827-A088-A69385DC80A1}.Release|Any CPU.ActiveCfg = Release|Any CPU
		{8ECAA9BF-1362-4827-A088-A69385DC80A1}.Release|Any CPU.Build.0 = Release|Any CPU
	EndGlobalSection
	GlobalSection(SolutionProperties) = preSolution
		HideSolutionNode = FALSE
	EndGlobalSection
	GlobalSection(ExtensibilityGlobals) = postSolution
		SolutionGuid = {6C2FD456-2474-45B7-B7E5-2984258729E3}
	EndGlobalSection
EndGlobal
